
Microsoft Visual Studio Solution File, Format Version 12.00
# Visual Studio 15
Project("{FAE04EC0-301F-11D3-BF4B-00C04F79EFBC}") = "Assembly-CSharp", "Assembly-CSharp.csproj", "{1FE85D59-A284-F193-914D-6DF7E0B15710}"
EndProject
Project("{FAE04EC0-301F-11D3-BF4B-00C04F79EFBC}") = "Assembly-CSharp-Editor", "Assembly-CSharp-Editor.csproj", "{A03A7702-5249-880E-4F63-D886C80CAF90}"
EndProject
Global
	GlobalSection(SolutionConfigurationPlatforms) = preSolution
		Debug|Any CPU = Debug|Any CPU
		Release|Any CPU = Release|Any CPU
	EndGlobalSection
	GlobalSection(ProjectConfigurationPlatforms) = postSolution
		{1FE85D59-A284-F193-914D-6DF7E0B15710}.Debug|Any CPU.ActiveCfg = Debug|Any CPU
		{1FE85D59-A284-F193-914D-6DF7E0B15710}.Debug|Any CPU.Build.0 = Debug|Any CPU
		{1FE85D59-A284-F193-914D-6DF7E0B15710}.Release|Any CPU.ActiveCfg = Release|Any CPU
		{1FE85D59-A284-F193-914D-6DF7E0B15710}.Release|Any CPU.Build.0 = Release|Any CPU
		{A03A7702-5249-880E-4F63-D886C80CAF90}.Debug|Any CPU.ActiveCfg = Debug|Any CPU
		{A03A7702-5249-880E-4F63-D886C80CAF90}.Debug|Any CPU.Build.0 = Debug|Any CPU
		{A03A7702-5249-880E-4F63-D886C80CAF90}.Release|Any CPU.ActiveCfg = Release|Any CPU
		{A03A7702-5249-880E-4F63-D886C80CAF90}.Release|Any CPU.Build.0 = Release|Any CPU
	EndGlobalSection
	GlobalSection(SolutionProperties) = preSolution
		HideSolutionNode = FALSE
	EndGlobalSection
EndGlobal
